
Microsoft Visual Studio Solution File, Format Version 12.00
# Visual Studio 15
VisualStudioVersion = 15.0.26730.16
MinimumVisualStudioVersion = 10.0.40219.1
Project("{9A19103F-16F7-4668-BE54-9A1E7A4F7556}") = "MorseDecoder.Library", "MorseDecoder\MorseDecoder.Library.csproj", "{943951C2-7D81-42A7-9949-317A9EC06388}"
EndProject
Project("{9A19103F-16F7-4668-BE54-9A1E7A4F7556}") = "MorseDecoder.Tests", "MorseDecoder.Tests\MorseDecoder.Tests.csproj", "{14B87D04-268D-494E-A58E-CE275313A12E}"
EndProject
Project("{FAE04EC0-301F-11D3-BF4B-00C04F79EFBC}") = "MorseDecoder.Console", "MorseDecoder.Console\MorseDecoder.Console.csproj", "{3DE9895C-A8FF-4F42-AF95-BFF8A9C376BB}"
EndProject
Global
	GlobalSection(SolutionConfigurationPlatforms) = preSolution
		Debug|Any CPU = Debug|Any CPU
		Release|Any CPU = Release|Any CPU
	EndGlobalSection
	GlobalSection(ProjectConfigurationPlatforms) = postSolution
		{943951C2-7D81-42A7-9949-317A9EC06388}.Debug|Any CPU.ActiveCfg = Debug|Any CPU
		{943951C2-7D81-42A7-9949-317A9EC06388}.Debug|Any CPU.Build.0 = Debug|Any CPU
		{943951C2-7D81-42A7-9949-317A9EC06388}.Release|Any CPU.ActiveCfg = Release|Any CPU
		{943951C2-7D81-42A7-9949-317A9EC06388}.Release|Any CPU.Build.0 = Release|Any CPU
		{14B87D04-268D-494E-A58E-CE275313A12E}.Debug|Any CPU.ActiveCfg = Debug|Any CPU
		{14B87D04-268D-494E-A58E-CE275313A12E}.Debug|Any CPU.Build.0 = Debug|Any CPU
		{14B87D04-268D-494E-A58E-CE275313A12E}.Release|Any CPU.ActiveCfg = Release|Any CPU
		{14B87D04-268D-494E-A58E-CE275313A12E}.Release|Any CPU.Build.0 = Release|Any CPU
		{3DE9895C-A8FF-4F42-AF95-BFF8A9C376BB}.Debug|Any CPU.ActiveCfg = Debug|Any CPU
		{3DE9895C-A8FF-4F42-AF95-BFF8A9C376BB}.Debug|Any CPU.Build.0 = Debug|Any CPU
		{3DE9895C-A8FF-4F42-AF95-BFF8A9C376BB}.Release|Any CPU.ActiveCfg = Release|Any CPU
		{3DE9895C-A8FF-4F42-AF95-BFF8A9C376BB}.Release|Any CPU.Build.0 = Release|Any CPU
	EndGlobalSection
	GlobalSection(SolutionProperties) = preSolution
		HideSolutionNode = FALSE
	EndGlobalSection
	GlobalSection(ExtensibilityGlobals) = postSolution
		SolutionGuid = {8CC1E81C-3F31-4B79-9B18-79F0E457A91E}
	EndGlobalSection
EndGlobal
